<Solution>
  <Project Path="C# Fundamentals - Part 1/C# Fundamentals - Part 1.csproj" />
  <Project Path="C# Fundamentals - Part 2/C# Fundamentals - Part 2.csproj" Id="4efb25c6-232c-4a2f-af6c-4458ee9911fc" />
  <Project Path="C# Fundamentals - Part 3/C# Fundamentals - Part 3.csproj" Id="066753d0-bbd1-4958-8b23-386d9ada083c" />
  <Project Path="C# Fundamentals - Part 4/C# Fundamentals - Part 4.csproj" Id="2146699f-5df9-4dec-9d70-7d9c716bcf32" />
</Solution>
